
Microsoft Visual Studio Solution File, Format Version 12.00
# Visual Studio Version 17
VisualStudioVersion = 17.5.2.0
MinimumVisualStudioVersion = 10.0.40219.1
Project("{FAE04EC0-301F-11D3-BF4B-00C04F79EFBC}") = "BookingSystem", "src\BookingSystem.csproj", "{84904094-628B-414B-BF14-15C62B1BAD5C}"
EndProject
Project("{2150E333-8FDC-42A3-9474-1A3956D46DE8}") = "BookingSystem.Tests", "BookingSystem.Tests", "{9A03A0D3-BC15-4214-B0A6-5A94DDD7AA49}"
EndProject
Project("{FAE04EC0-301F-11D3-BF4B-00C04F79EFBC}") = "UnitTests", "tests\UnitTests\UnitTests.csproj", "{453E5E71-C20E-4B3C-A2ED-0F2FC3E36491}"
EndProject
Global
	GlobalSection(SolutionConfigurationPlatforms) = preSolution
		Debug|Any CPU = Debug|Any CPU
		Debug|x64 = Debug|x64
		Debug|x86 = Debug|x86
		Release|Any CPU = Release|Any CPU
		Release|x64 = Release|x64
		Release|x86 = Release|x86
	EndGlobalSection
	GlobalSection(ProjectConfigurationPlatforms) = postSolution
		{84904094-628B-414B-BF14-15C62B1BAD5C}.Debug|Any CPU.ActiveCfg = Debug|Any CPU
		{84904094-628B-414B-BF14-15C62B1BAD5C}.Debug|Any CPU.Build.0 = Debug|Any CPU
		{84904094-628B-414B-BF14-15C62B1BAD5C}.Debug|x64.ActiveCfg = Debug|Any CPU
		{84904094-628B-414B-BF14-15C62B1BAD5C}.Debug|x64.Build.0 = Debug|Any CPU
		{84904094-628B-414B-BF14-15C62B1BAD5C}.Debug|x86.ActiveCfg = Debug|Any CPU
		{84904094-628B-414B-BF14-15C62B1BAD5C}.Debug|x86.Build.0 = Debug|Any CPU
		{84904094-628B-414B-BF14-15C62B1BAD5C}.Release|Any CPU.ActiveCfg = Release|Any CPU
		{84904094-628B-414B-BF14-15C62B1BAD5C}.Release|Any CPU.Build.0 = Release|Any CPU
		{84904094-628B-414B-BF14-15C62B1BAD5C}.Release|x64.ActiveCfg = Release|Any CPU
		{84904094-628B-414B-BF14-15C62B1BAD5C}.Release|x64.Build.0 = Release|Any CPU
		{84904094-628B-414B-BF14-15C62B1BAD5C}.Release|x86.ActiveCfg = Release|Any CPU
		{84904094-628B-414B-BF14-15C62B1BAD5C}.Release|x86.Build.0 = Release|Any CPU
		{453E5E71-C20E-4B3C-A2ED-0F2FC3E36491}.Debug|Any CPU.ActiveCfg = Debug|Any CPU
		{453E5E71-C20E-4B3C-A2ED-0F2FC3E36491}.Debug|Any CPU.Build.0 = Debug|Any CPU
		{453E5E71-C20E-4B3C-A2ED-0F2FC3E36491}.Debug|x64.ActiveCfg = Debug|Any CPU
		{453E5E71-C20E-4B3C-A2ED-0F2FC3E36491}.Debug|x64.Build.0 = Debug|Any CPU
		{453E5E71-C20E-4B3C-A2ED-0F2FC3E36491}.Debug|x86.ActiveCfg = Debug|Any CPU
		{453E5E71-C20E-4B3C-A2ED-0F2FC3E36491}.Debug|x86.Build.0 = Debug|Any CPU
		{453E5E71-C20E-4B3C-A2ED-0F2FC3E36491}.Release|Any CPU.ActiveCfg = Release|Any CPU
		{453E5E71-C20E-4B3C-A2ED-0F2FC3E36491}.Release|Any CPU.Build.0 = Release|Any CPU
		{453E5E71-C20E-4B3C-A2ED-0F2FC3E36491}.Release|x64.ActiveCfg = Release|Any CPU
		{453E5E71-C20E-4B3C-A2ED-0F2FC3E36491}.Release|x64.Build.0 = Release|Any CPU
		{453E5E71-C20E-4B3C-A2ED-0F2FC3E36491}.Release|x86.ActiveCfg = Release|Any CPU
		{453E5E71-C20E-4B3C-A2ED-0F2FC3E36491}.Release|x86.Build.0 = Release|Any CPU
	EndGlobalSection
	GlobalSection(SolutionProperties) = preSolution
		HideSolutionNode = FALSE
	EndGlobalSection
	GlobalSection(NestedProjects) = preSolution
		{453E5E71-C20E-4B3C-A2ED-0F2FC3E36491} = {9A03A0D3-BC15-4214-B0A6-5A94DDD7AA49}
	EndGlobalSection
	GlobalSection(ExtensibilityGlobals) = postSolution
		SolutionGuid = {06FD571B-B4C4-451C-822A-448FD57A5994}
	EndGlobalSection
EndGlobal
