
Microsoft Visual Studio Solution File, Format Version 12.00
# Visual Studio Version 17
VisualStudioVersion = 17.0.31903.59
MinimumVisualStudioVersion = 10.0.40219.1
Project("{FAE04EC0-301F-11D3-BF4B-00C04F79EFBC}") = "ReserveHub.API", "ReserveHub.API\ReserveHub.API.csproj", "{95327B16-B379-4D33-86A0-AC6009CE590F}"
EndProject
Project("{FAE04EC0-301F-11D3-BF4B-00C04F79EFBC}") = "ReserveHub.Application", "ReserveHub.Application\ReserveHub.Application.csproj", "{F98D5C00-715B-40B8-B93B-6CDA6EDD1961}"
EndProject
Project("{FAE04EC0-301F-11D3-BF4B-00C04F79EFBC}") = "ReserveHub.Domain", "ReserveHub.Domain\ReserveHub.Domain.csproj", "{EB1FC55D-5C8D-488B-8752-72060A774670}"
EndProject
Project("{FAE04EC0-301F-11D3-BF4B-00C04F79EFBC}") = "ReserveHub.Infrastructure", "ReserveHub.Infrastructure\ReserveHub.Infrastructure.csproj", "{2F574AC5-0AE0-4C99-9DCC-446A4BF79E15}"
EndProject
Global
	GlobalSection(SolutionConfigurationPlatforms) = preSolution
		Debug|Any CPU = Debug|Any CPU
		Release|Any CPU = Release|Any CPU
	EndGlobalSection
	GlobalSection(SolutionProperties) = preSolution
		HideSolutionNode = FALSE
	EndGlobalSection
	GlobalSection(ProjectConfigurationPlatforms) = postSolution
		{95327B16-B379-4D33-86A0-AC6009CE590F}.Debug|Any CPU.ActiveCfg = Debug|Any CPU
		{95327B16-B379-4D33-86A0-AC6009CE590F}.Debug|Any CPU.Build.0 = Debug|Any CPU
		{95327B16-B379-4D33-86A0-AC6009CE590F}.Release|Any CPU.ActiveCfg = Release|Any CPU
		{95327B16-B379-4D33-86A0-AC6009CE590F}.Release|Any CPU.Build.0 = Release|Any CPU
		{F98D5C00-715B-40B8-B93B-6CDA6EDD1961}.Debug|Any CPU.ActiveCfg = Debug|Any CPU
		{F98D5C00-715B-40B8-B93B-6CDA6EDD1961}.Debug|Any CPU.Build.0 = Debug|Any CPU
		{F98D5C00-715B-40B8-B93B-6CDA6EDD1961}.Release|Any CPU.ActiveCfg = Release|Any CPU
		{F98D5C00-715B-40B8-B93B-6CDA6EDD1961}.Release|Any CPU.Build.0 = Release|Any CPU
		{EB1FC55D-5C8D-488B-8752-72060A774670}.Debug|Any CPU.ActiveCfg = Debug|Any CPU
		{EB1FC55D-5C8D-488B-8752-72060A774670}.Debug|Any CPU.Build.0 = Debug|Any CPU
		{EB1FC55D-5C8D-488B-8752-72060A774670}.Release|Any CPU.ActiveCfg = Release|Any CPU
		{EB1FC55D-5C8D-488B-8752-72060A774670}.Release|Any CPU.Build.0 = Release|Any CPU
		{2F574AC5-0AE0-4C99-9DCC-446A4BF79E15}.Debug|Any CPU.ActiveCfg = Debug|Any CPU
		{2F574AC5-0AE0-4C99-9DCC-446A4BF79E15}.Debug|Any CPU.Build.0 = Debug|Any CPU
		{2F574AC5-0AE0-4C99-9DCC-446A4BF79E15}.Release|Any CPU.ActiveCfg = Release|Any CPU
		{2F574AC5-0AE0-4C99-9DCC-446A4BF79E15}.Release|Any CPU.Build.0 = Release|Any CPU
	EndGlobalSection
EndGlobal
